
Microsoft Visual Studio Solution File, Format Version 12.00
# Visual Studio Version 16
VisualStudioVersion = 16.0.32106.194
MinimumVisualStudioVersion = 10.0.40219.1
Project("{888888A0-9F3D-457C-B088-3A5042F75D52}") = "Population Summary Program", "Population Summary Program\Population Summary Program.pyproj", "{F70A6F9B-B574-4AC5-983E-7ED514947B65}"
EndProject
Global
	GlobalSection(SolutionConfigurationPlatforms) = preSolution
		Debug|Any CPU = Debug|Any CPU
		Release|Any CPU = Release|Any CPU
	EndGlobalSection
	GlobalSection(ProjectConfigurationPlatforms) = postSolution
		{F70A6F9B-B574-4AC5-983E-7ED514947B65}.Debug|Any CPU.ActiveCfg = Debug|Any CPU
		{F70A6F9B-B574-4AC5-983E-7ED514947B65}.Release|Any CPU.ActiveCfg = Release|Any CPU
	EndGlobalSection
	GlobalSection(SolutionProperties) = preSolution
		HideSolutionNode = FALSE
	EndGlobalSection
	GlobalSection(ExtensibilityGlobals) = postSolution
		SolutionGuid = {9407CB33-809B-4B4E-8419-ABEF701CEAE6}
	EndGlobalSection
EndGlobal
